// !$*UTF8*$!
{
	archiveVersion = 1;
	classes = {
	};
	objectVersion = 46;
	objects = {

/* Begin PBXBuildFile section */
		87165E351C224F8600102F10 /* AppDelegate.swift in Sources */ = {isa = PBXBuildFile; fileRef = 87165E341C224F8600102F10 /* AppDelegate.swift */; };
		87165E371C224F8600102F10 /* ViewController.swift in Sources */ = {isa = PBXBuildFile; fileRef = 87165E361C224F8600102F10 /* ViewController.swift */; };
		87165E3A1C224F8600102F10 /* Main.storyboard in Resources */ = {isa = PBXBuildFile; fileRef = 87165E381C224F8600102F10 /* Main.storyboard */; };
		87165E3C1C224F8600102F10 /* Assets.xcassets in Resources */ = {isa = PBXBuildFile; fileRef = 87165E3B1C224F8600102F10 /* Assets.xcassets */; };
		87165E3F1C224F8600102F10 /* LaunchScreen.storyboard in Resources */ = {isa = PBXBuildFile; fileRef = 87165E3D1C224F8600102F10 /* LaunchScreen.storyboard */; };
		87165E471C224FE800102F10 /* FirstViewController.swift in Sources */ = {isa = PBXBuildFile; fileRef = 87165E461C224FE800102F10 /* FirstViewController.swift */; };
		87165E491C22504F00102F10 /* tabbarController.swift in Sources */ = {isa = PBXBuildFile; fileRef = 87165E481C22504F00102F10 /* tabbarController.swift */; };
		87165E4B1C2251AF00102F10 /* SecondViewController.swift in Sources */ = {isa = PBXBuildFile; fileRef = 87165E4A1C2251AF00102F10 /* SecondViewController.swift */; };
		87165E4D1C2251DC00102F10 /* SecondDetailViewController.swift in Sources */ = {isa = PBXBuildFile; fileRef = 87165E4C1C2251DC00102F10 /* SecondDetailViewController.swift */; };
/* End PBXBuildFile section */

/* Begin PBXFileReference section */
		87165E311C224F8600102F10 /* tabbarDemo.app */ = {isa = PBXFileReference; explicitFileType = wrapper.application; includeInIndex = 0; path = tabbarDemo.app; sourceTree = BUILT_PRODUCTS_DIR; };
		87165E341C224F8600102F10 /* AppDelegate.swift */ = {isa = PBXFileReference; lastKnownFileType = sourcecode.swift; path = AppDelegate.swift; sourceTree = "<group>"; };
		87165E361C224F8600102F10 /* ViewController.swift */ = {isa = PBXFileReference; lastKnownFileType = sourcecode.swift; path = ViewController.swift; sourceTree = "<group>"; };
		87165E391C224F8600102F10 /* Base */ = {isa = PBXFileReference; lastKnownFileType = file.storyboard; name = Base; path = Base.lproj/Main.storyboard; sourceTree = "<group>"; };
		87165E3B1C224F8600102F10 /* Assets.xcassets */ = {isa = PBXFileReference; lastKnownFileType = folder.assetcatalog; path = Assets.xcassets; sourceTree = "<group>"; };
		87165E3E1C224F8600102F10 /* Base */ = {isa = PBXFileReference; lastKnownFileType = file.storyboard; name = Base; path = Base.lproj/LaunchScreen.storyboard; sourceTree = "<group>"; };
		87165E401C224F8600102F10 /* Info.plist */ = {isa = PBXFileReference; lastKnownFileType = text.plist.xml; path = Info.plist; sourceTree = "<group>"; };
		87165E461C224FE800102F10 /* FirstViewController.swift */ = {isa = PBXFileReference; fileEncoding = 4; lastKnownFileType = sourcecode.swift; path = FirstViewController.swift; sourceTree = "<group>"; };
		87165E481C22504F00102F10 /* tabbarController.swift */ = {isa = PBXFileReference; fileEncoding = 4; lastKnownFileType = sourcecode.swift; path = tabbarController.swift; sourceTree = "<group>"; };
		87165E4A1C2251AF00102F10 /* SecondViewController.swift */ = {isa = PBXFileReference; fileEncoding = 4; lastKnownFileType = sourcecode.swift; path = SecondViewController.swift; sourceTree = "<group>"; };
		87165E4C1C2251DC00102F10 /* SecondDetailViewController.swift */ = {isa = PBXFileReference; fileEncoding = 4; lastKnownFileType = sourcecode.swift; path = SecondDetailViewController.swift; sourceTree = "<group>"; };
/* End PBXFileReference section */

/* Begin PBXFrameworksBuildPhase section */
		87165E2E1C224F8600102F10 /* Frameworks */ = {
			isa = PBXFrameworksBuildPhase;
			buildActionMask = 2147483647;
			files = (
			);
			runOnlyForDeploymentPostprocessing = 0;
		};
/* End PBXFrameworksBuildPhase section */

/* Begin PBXGroup section */
		87165E281C224F8600102F10 = {
			isa = PBXGroup;
			children = (
				87165E331C224F8600102F10 /* tabbarDemo */,
				87165E321C224F8600102F10 /* Products */,
			);
			sourceTree = "<group>";
		};
		87165E321C224F8600102F10 /* Products */ = {
			isa = PBXGroup;
			children = (
				87165E311C224F8600102F10 /* tabbarDemo.app */,
			);
			name = Products;
			sourceTree = "<group>";
		};
		87165E331C224F8600102F10 /* tabbarDemo */ = {
			isa = PBXGroup;
			children = (
				87165E341C224F8600102F10 /* AppDelegate.swift */,
				87165E361C224F8600102F10 /* ViewController.swift */,
				87165E381C224F8600102F10 /* Main.storyboard */,
				87165E461C224FE800102F10 /* FirstViewController.swift */,
				87165E4A1C2251AF00102F10 /* SecondViewController.swift */,
				87165E4C1C2251DC00102F10 /* SecondDetailViewController.swift */,
				87165E481C22504F00102F10 /* tabbarController.swift */,
				87165E3B1C224F8600102F10 /* Assets.xcassets */,
				87165E3D1C224F8600102F10 /* LaunchScreen.storyboard */,
				87165E401C224F8600102F10 /* Info.plist */,
			);
			path = tabbarDemo;
			sourceTree = "<group>";
		};
/* End PBXGroup section */

/* Begin PBXNativeTarget section */
		87165E301C224F8600102F10 /* tabbarDemo */ = {
			isa = PBXNativeTarget;
			buildConfigurationList = 87165E431C224F8600102F10 /* Build configuration list for PBXNativeTarget "tabbarDemo" */;
			buildPhases = (
				87165E2D1C224F8600102F10 /* Sources */,
				87165E2E1C224F8600102F10 /* Frameworks */,
				87165E2F1C224F8600102F10 /* Resources */,
			);
			buildRules = (
			);
			dependencies = (
			);
			name = tabbarDemo;
			productName = tabbarDemo;
			productReference = 87165E311C224F8600102F10 /* tabbarDemo.app */;
			productType = "com.apple.product-type.application";
		};
/* End PBXNativeTarget section */

/* Begin PBXProject section */
		87165E291C224F8600102F10 /* Project object */ = {
			isa = PBXProject;
			attributes = {
				LastSwiftUpdateCheck = 0720;
				LastUpgradeCheck = 0720;
				ORGANIZATIONNAME = MarcoLi;
				TargetAttributes = {
					87165E301C224F8600102F10 = {
						CreatedOnToolsVersion = 7.2;
					};
				};
			};
			buildConfigurationList = 87165E2C1C224F8600102F10 /* Build configuration list for PBXProject "tabbarDemo" */;
			compatibilityVersion = "Xcode 3.2";
			developmentRegion = English;
			hasScannedForEncodings = 0;
			knownRegions = (
				en,
				Base,
			);
			mainGroup = 87165E281C224F8600102F10;
			productRefGroup = 87165E321C224F8600102F10 /* Products */;
			projectDirPath = "";
			projectRoot = "";
			targets = (
				87165E301C224F8600102F10 /* tabbarDemo */,
			);
		};
/* End PBXProject section */

/* Begin PBXResourcesBuildPhase section */
		87165E2F1C224F8600102F10 /* Resources */ = {
			isa = PBXResourcesBuildPhase;
			buildActionMask = 2147483647;
			files = (
				87165E3F1C224F8600102F10 /* LaunchScreen.storyboard in Resources */,
				87165E3C1C224F8600102F10 /* Assets.xcassets in Resources */,
				87165E3A1C224F8600102F10 /* Main.storyboard in Resources */,
			);
			runOnlyForDeploymentPostprocessing = 0;
		};
/* End PBXResourcesBuildPhase section */

/* Begin PBXSourcesBuildPhase section */
		87165E2D1C224F8600102F10 /* Sources */ = {
			isa = PBXSourcesBuildPhase;
			buildActionMask = 2147483647;
			files = (
				87165E4D1C2251DC00102F10 /* SecondDetailViewController.swift in Sources */,
				87165E471C224FE800102F10 /* FirstViewController.swift in Sources */,
				87165E491C22504F00102F10 /* tabbarController.swift in Sources */,
				87165E371C224F8600102F10 /* ViewController.swift in Sources */,
				87165E4B1C2251AF00102F10 /* SecondViewController.swift in Sources */,
				87165E351C224F8600102F10 /* AppDelegate.swift in Sources */,
			);
			runOnlyForDeploymentPostprocessing = 0;
		};
/* End PBXSourcesBuildPhase section */

/* Begin PBXVariantGroup section */
		87165E381C224F8600102F10 /* Main.storyboard */ = {
			isa = PBXVariantGroup;
			children = (
				87165E391C224F8600102F10 /* Base */,
			);
			name = Main.storyboard;
			sourceTree = "<group>";
		};
		87165E3D1C224F8600102F10 /* LaunchScreen.storyboard */ = {
			isa = PBXVariantGroup;
			children = (
				87165E3E1C224F8600102F10 /* Base */,
			);
			name = LaunchScreen.storyboard;
			sourceTree = "<group>";
		};
/* End PBXVariantGroup section */

/* Begin XCBuildConfiguration section */
		87165E411C224F8600102F10 /* Debug */ = {
			isa = XCBuildConfiguration;
			buildSettings = {
				ALWAYS_SEARCH_USER_PATHS = NO;
				CLANG_CXX_LANGUAGE_STANDARD = "gnu++0x";
				CLANG_CXX_LIBRARY = "libc++";
				CLANG_ENABLE_MODULES = YES;
				CLANG_ENABLE_OBJC_ARC = YES;
				CLANG_WARN_BOOL_CONVERSION = YES;
				CLANG_WARN_CONSTANT_CONVERSION = YES;
				CLANG_WARN_DIRECT_OBJC_ISA_USAGE = YES_ERROR;
				CLANG_WARN_EMPTY_BODY = YES;
				CLANG_WARN_ENUM_CONVERSION = YES;
				CLANG_WARN_INT_CONVERSION = YES;
				CLANG_WARN_OBJC_ROOT_CLASS = YES_ERROR;
				CLANG_WARN_UNREACHABLE_CODE = YES;
				CLANG_WARN__DUPLICATE_METHOD_MATCH = YES;
				"CODE_SIGN_IDENTITY[sdk=iphoneos*]" = "iPhone Developer";
				COPY_PHASE_STRIP = NO;
				DEBUG_INFORMATION_FORMAT = dwarf;
				ENABLE_STRICT_OBJC_MSGSEND = YES;
				ENABLE_TESTABILITY = YES;
				GCC_C_LANGUAGE_STANDARD = gnu99;
				GCC_DYNAMIC_NO_PIC = NO;
				GCC_NO_COMMON_BLOCKS = YES;
				GCC_OPTIMIZATION_LEVEL = 0;
				GCC_PREPROCESSOR_DEFINITIONS = (
					"DEBUG=1",
					"$(inherited)",
				);
				GCC_WARN_64_TO_32_BIT_CONVERSION = YES;
				GCC_WARN_ABOUT_RETURN_TYPE = YES_ERROR;
				GCC_WARN_UNDECLARED_SELECTOR = YES;
				GCC_WARN_UNINITIALIZED_AUTOS = YES_AGGRESSIVE;
				GCC_WARN_UNUSED_FUNCTION = YES;
				GCC_WARN_UNUSED_VARIABLE = YES;
				IPHONEOS_DEPLOYMENT_TARGET = 9.2;
				MTL_ENABLE_DEBUG_INFO = YES;
				ONLY_ACTIVE_ARCH = YES;
				SDKROOT = iphoneos;
				SWIFT_OPTIMIZATION_LEVEL = "-Onone";
			};
			name = Debug;
		};
		87165E421C224F8600102F10 /* Release */ = {
			isa = XCBuildConfiguration;
			buildSettings = {
				ALWAYS_SEARCH_USER_PATHS = NO;
				CLANG_CXX_LANGUAGE_STANDARD = "gnu++0x";
				CLANG_CXX_LIBRARY = "libc++";
				CLANG_ENABLE_MODULES = YES;
				CLANG_ENABLE_OBJC_ARC = YES;
				CLANG_WARN_BOOL_CONVERSION = YES;
				CLANG_WARN_CONSTANT_CONVERSION = YES;
				CLANG_WARN_DIRECT_OBJC_ISA_USAGE = YES_ERROR;
				CLANG_WARN_EMPTY_BODY = YES;
				CLANG_WARN_ENUM_CONVERSION = YES;
				CLANG_WARN_INT_CONVERSION = YES;
				CLANG_WARN_OBJC_ROOT_CLASS = YES_ERROR;
				CLANG_WARN_UNREACHABLE_CODE = YES;
				CLANG_WARN__DUPLICATE_METHOD_MATCH = YES;
				"CODE_SIGN_IDENTITY[sdk=iphoneos*]" = "iPhone Developer";
				COPY_PHASE_STRIP = NO;
				DEBUG_INFORMATION_FORMAT = "dwarf-with-dsym";
				ENABLE_NS_ASSERTIONS = NO;
				ENABLE_STRICT_OBJC_MSGSEND = YES;
				GCC_C_LANGUAGE_STANDARD = gnu99;
				GCC_NO_COMMON_BLOCKS = YES;
				GCC_WARN_64_TO_32_BIT_CONVERSION = YES;
				GCC_WARN_ABOUT_RETURN_TYPE = YES_ERROR;
				GCC_WARN_UNDECLARED_SELECTOR = YES;
				GCC_WARN_UNINITIALIZED_AUTOS = YES_AGGRESSIVE;
				GCC_WARN_UNUSED_FUNCTION = YES;
				GCC_WARN_UNUSED_VARIABLE = YES;
				IPHONEOS_DEPLOYMENT_TARGET = 9.2;
				MTL_ENABLE_DEBUG_INFO = NO;
				SDKROOT = iphoneos;
				VALIDATE_PRODUCT = YES;
			};
			name = Release;
		};
		87165E441C224F8600102F10 /* Debug */ = {
			isa = XCBuildConfiguration;
			buildSettings = {
				ASSETCATALOG_COMPILER_APPICON_NAME = AppIcon;
				INFOPLIST_FILE = tabbarDemo/Info.plist;
				LD_RUNPATH_SEARCH_PATHS = "$(inherited) @executable_path/Frameworks";
				PRODUCT_BUNDLE_IDENTIFIER = com.MarcoLi.tabbarDemo;
				PRODUCT_NAME = "$(TARGET_NAME)";
			};
			name = Debug;
		};
		87165E451C224F8600102F10 /* Release */ = {
			isa = XCBuildConfiguration;
			buildSettings = {
				ASSETCATALOG_COMPILER_APPICON_NAME = AppIcon;
				INFOPLIST_FILE = tabbarDemo/Info.plist;
				LD_RUNPATH_SEARCH_PATHS = "$(inherited) @executable_path/Frameworks";
				PRODUCT_BUNDLE_IDENTIFIER = com.MarcoLi.tabbarDemo;
				PRODUCT_NAME = "$(TARGET_NAME)";
			};
			name = Release;
		};
/* End XCBuildConfiguration section */

/* Begin XCConfigurationList section */
		87165E2C1C224F8600102F10 /* Build configuration list for PBXProject "tabbarDemo" */ = {
			isa = XCConfigurationList;
			buildConfigurations = (
				87165E411C224F8600102F10 /* Debug */,
				87165E421C224F8600102F10 /* Release */,
			);
			defaultConfigurationIsVisible = 0;
			defaultConfigurationName = Release;
		};
		87165E431C224F8600102F10 /* Build configuration list for PBXNativeTarget "tabbarDemo" */ = {
			isa = XCConfigurationList;
			buildConfigurations = (
				87165E441C224F8600102F10 /* Debug */,
				87165E451C224F8600102F10 /* Release */,
			);
			defaultConfigurationIsVisible = 0;
		};
/* End XCConfigurationList section */
	};
	rootObject = 87165E291C224F8600102F10 /* Project object */;
}
